
Microsoft Visual Studio Solution File, Format Version 12.00
# Visual Studio 15
VisualStudioVersion = 15.0.28010.2036
MinimumVisualStudioVersion = 10.0.40219.1
Project("{FAE04EC0-301F-11D3-BF4B-00C04F79EFBC}") = "Billetlibary", "Billetlibary\Billetlibary.csproj", "{D89895D3-E215-4035-8C47-65C7380F8198}"
EndProject
Project("{FAE04EC0-301F-11D3-BF4B-00C04F79EFBC}") = "UnitTestProject1", "UnitTestProject1\UnitTestProject1.csproj", "{BB46FED5-677D-43B6-95AB-752DC93AF49F}"
EndProject
Project("{FAE04EC0-301F-11D3-BF4B-00C04F79EFBC}") = "untitestmc", "untitestmc\untitestmc.csproj", "{EA9808A0-C658-431E-B50C-5E1B159B681C}"
EndProject
Global
	GlobalSection(SolutionConfigurationPlatforms) = preSolution
		Debug|Any CPU = Debug|Any CPU
		Release|Any CPU = Release|Any CPU
	EndGlobalSection
	GlobalSection(ProjectConfigurationPlatforms) = postSolution
		{D89895D3-E215-4035-8C47-65C7380F8198}.Debug|Any CPU.ActiveCfg = Debug|Any CPU
		{D89895D3-E215-4035-8C47-65C7380F8198}.Debug|Any CPU.Build.0 = Debug|Any CPU
		{D89895D3-E215-4035-8C47-65C7380F8198}.Release|Any CPU.ActiveCfg = Release|Any CPU
		{D89895D3-E215-4035-8C47-65C7380F8198}.Release|Any CPU.Build.0 = Release|Any CPU
		{BB46FED5-677D-43B6-95AB-752DC93AF49F}.Debug|Any CPU.ActiveCfg = Debug|Any CPU
		{BB46FED5-677D-43B6-95AB-752DC93AF49F}.Debug|Any CPU.Build.0 = Debug|Any CPU
		{BB46FED5-677D-43B6-95AB-752DC93AF49F}.Release|Any CPU.ActiveCfg = Release|Any CPU
		{BB46FED5-677D-43B6-95AB-752DC93AF49F}.Release|Any CPU.Build.0 = Release|Any CPU
		{EA9808A0-C658-431E-B50C-5E1B159B681C}.Debug|Any CPU.ActiveCfg = Debug|Any CPU
		{EA9808A0-C658-431E-B50C-5E1B159B681C}.Debug|Any CPU.Build.0 = Debug|Any CPU
		{EA9808A0-C658-431E-B50C-5E1B159B681C}.Release|Any CPU.ActiveCfg = Release|Any CPU
		{EA9808A0-C658-431E-B50C-5E1B159B681C}.Release|Any CPU.Build.0 = Release|Any CPU
	EndGlobalSection
	GlobalSection(SolutionProperties) = preSolution
		HideSolutionNode = FALSE
	EndGlobalSection
	GlobalSection(ExtensibilityGlobals) = postSolution
		SolutionGuid = {E5E54244-4982-419C-8787-7062F169D87A}
	EndGlobalSection
EndGlobal
